
Microsoft Visual Studio Solution File, Format Version 12.00
# Visual Studio Version 16
VisualStudioVersion = 16.0.31624.102
MinimumVisualStudioVersion = 10.0.40219.1
Project("{FAE04EC0-301F-11D3-BF4B-00C04F79EFBC}") = "Tarea2Aplicada1", "Tarea2Aplicada1.csproj", "{8DED1F72-4E31-4736-A2FA-9FFD0B25D084}"
EndProject
Global
	GlobalSection(SolutionConfigurationPlatforms) = preSolution
		Debug|Any CPU = Debug|Any CPU
		Release|Any CPU = Release|Any CPU
	EndGlobalSection
	GlobalSection(ProjectConfigurationPlatforms) = postSolution
		{8DED1F72-4E31-4736-A2FA-9FFD0B25D084}.Debug|Any CPU.ActiveCfg = Debug|Any CPU
		{8DED1F72-4E31-4736-A2FA-9FFD0B25D084}.Debug|Any CPU.Build.0 = Debug|Any CPU
		{8DED1F72-4E31-4736-A2FA-9FFD0B25D084}.Release|Any CPU.ActiveCfg = Release|Any CPU
		{8DED1F72-4E31-4736-A2FA-9FFD0B25D084}.Release|Any CPU.Build.0 = Release|Any CPU
	EndGlobalSection
	GlobalSection(SolutionProperties) = preSolution
		HideSolutionNode = FALSE
	EndGlobalSection
	GlobalSection(ExtensibilityGlobals) = postSolution
		SolutionGuid = {CDFA0773-C233-4C90-9C4D-365BA9A62846}
	EndGlobalSection
EndGlobal
